
Microsoft Visual Studio Solution File, Format Version 12.00
# Visual Studio 15
Project("{FAE04EC0-301F-11D3-BF4B-00C04F79EFBC}") = "Assembly-CSharp", "Assembly-CSharp.csproj", "{342D9D13-7E6C-A743-C710-6FE93ECAB8EB}"
EndProject
Project("{FAE04EC0-301F-11D3-BF4B-00C04F79EFBC}") = "Assembly-CSharp-firstpass", "Assembly-CSharp-firstpass.csproj", "{86A3A6A2-FBE7-1818-9FA4-2E3BD8A1FC6A}"
EndProject
Project("{FAE04EC0-301F-11D3-BF4B-00C04F79EFBC}") = "Assembly-CSharp-Editor-firstpass", "Assembly-CSharp-Editor-firstpass.csproj", "{2001B056-9063-AB89-D509-B991279E82FB}"
EndProject
Global
	GlobalSection(SolutionConfigurationPlatforms) = preSolution
		Debug|Any CPU = Debug|Any CPU
		Release|Any CPU = Release|Any CPU
	EndGlobalSection
	GlobalSection(ProjectConfigurationPlatforms) = postSolution
		{342D9D13-7E6C-A743-C710-6FE93ECAB8EB}.Debug|Any CPU.ActiveCfg = Debug|Any CPU
		{342D9D13-7E6C-A743-C710-6FE93ECAB8EB}.Debug|Any CPU.Build.0 = Debug|Any CPU
		{342D9D13-7E6C-A743-C710-6FE93ECAB8EB}.Release|Any CPU.ActiveCfg = Release|Any CPU
		{342D9D13-7E6C-A743-C710-6FE93ECAB8EB}.Release|Any CPU.Build.0 = Release|Any CPU
		{86A3A6A2-FBE7-1818-9FA4-2E3BD8A1FC6A}.Debug|Any CPU.ActiveCfg = Debug|Any CPU
		{86A3A6A2-FBE7-1818-9FA4-2E3BD8A1FC6A}.Debug|Any CPU.Build.0 = Debug|Any CPU
		{86A3A6A2-FBE7-1818-9FA4-2E3BD8A1FC6A}.Release|Any CPU.ActiveCfg = Release|Any CPU
		{86A3A6A2-FBE7-1818-9FA4-2E3BD8A1FC6A}.Release|Any CPU.Build.0 = Release|Any CPU
		{2001B056-9063-AB89-D509-B991279E82FB}.Debug|Any CPU.ActiveCfg = Debug|Any CPU
		{2001B056-9063-AB89-D509-B991279E82FB}.Debug|Any CPU.Build.0 = Debug|Any CPU
		{2001B056-9063-AB89-D509-B991279E82FB}.Release|Any CPU.ActiveCfg = Release|Any CPU
		{2001B056-9063-AB89-D509-B991279E82FB}.Release|Any CPU.Build.0 = Release|Any CPU
	EndGlobalSection
	GlobalSection(SolutionProperties) = preSolution
		HideSolutionNode = FALSE
	EndGlobalSection
	GlobalSection(MonoDevelopProperties) = preSolution
		StartupItem = Assembly-CSharp.csproj
	EndGlobalSection
EndGlobal
